# Generated by pub
# See http://pub.dartlang.org/doc/glossary.html#lockfile

{"packages":{"three":{"version":"0.2.4+2","source":"git","description":{"url":"git://github.com/Nican/three.dart.git","ref":"latest","resolved-ref":"2e84cf03c6150c0041f01555b556f71dcbd3f9d1"}},"browser":{"version":"0.4.7+1","source":"hosted","description":"browser"}}}
