# Generated by pub
# See http://pub.dartlang.org/doc/glossary.html#lockfile

{"packages":{"three":{"version":"0.2.4+2","source":"git","description":{"url":"git://github.com/threeDart/three.dart.git","ref":"latest","resolved-ref":"23a158abd71161e766dac0066cf5689ee34ce80c"}},"browser":{"version":"0.4.7+1","source":"hosted","description":"browser"}}}
